// !$*UTF8*$!
{
	archiveVersion = 1;
	classes = {
	};
	objectVersion = 56;
	objects = {

/* Begin PBXBuildFile section */
		4767F3F92A862BE300873913 /* RepositoriesApp.swift in Sources */ = {isa = PBXBuildFile; fileRef = 4767F3F82A862BE300873913 /* RepositoriesApp.swift */; };
		4767F3FB2A862BE300873913 /* LoginView.swift in Sources */ = {isa = PBXBuildFile; fileRef = 4767F3FA2A862BE300873913 /* LoginView.swift */; };
		4767F3FD2A862BE400873913 /* Assets.xcassets in Resources */ = {isa = PBXBuildFile; fileRef = 4767F3FC2A862BE400873913 /* Assets.xcassets */; };
		4767F4002A862BE400873913 /* Preview Assets.xcassets in Resources */ = {isa = PBXBuildFile; fileRef = 4767F3FF2A862BE400873913 /* Preview Assets.xcassets */; };
		4767F4292A8688C400873913 /* Localizable.strings in Resources */ = {isa = PBXBuildFile; fileRef = 4767F42B2A8688C400873913 /* Localizable.strings */; };
		4767F4332A868A6800873913 /* KeychainAccess in Frameworks */ = {isa = PBXBuildFile; productRef = 4767F4322A868A6800873913 /* KeychainAccess */; };
		4767F4382A868D0F00873913 /* Alamofire in Frameworks */ = {isa = PBXBuildFile; productRef = 4767F4372A868D0F00873913 /* Alamofire */; };
		4767F43C2A86919900873913 /* Route.swift in Sources */ = {isa = PBXBuildFile; fileRef = 4767F43B2A86919900873913 /* Route.swift */; };
		4767F43E2A8691CB00873913 /* Router.swift in Sources */ = {isa = PBXBuildFile; fileRef = 4767F43D2A8691CB00873913 /* Router.swift */; };
		4767F4422A8693D800873913 /* RepositoriesView.swift in Sources */ = {isa = PBXBuildFile; fileRef = 4767F4412A8693D800873913 /* RepositoriesView.swift */; };
		4767F4452A8695CC00873913 /* LaunchScreen.swift in Sources */ = {isa = PBXBuildFile; fileRef = 4767F4442A8695CC00873913 /* LaunchScreen.swift */; };
		4767F4482A86967900873913 /* LaunchScreenViewModel.swift in Sources */ = {isa = PBXBuildFile; fileRef = 4767F4472A86967900873913 /* LaunchScreenViewModel.swift */; };
		4767F4502A86A17E00873913 /* Repository.swift in Sources */ = {isa = PBXBuildFile; fileRef = 4767F44F2A86A17E00873913 /* Repository.swift */; };
		4767F45A2A878C3500873913 /* User.swift in Sources */ = {isa = PBXBuildFile; fileRef = 4767F4592A878C3500873913 /* User.swift */; };
		4767F45C2A88B1FC00873913 /* HistoryView.swift in Sources */ = {isa = PBXBuildFile; fileRef = 4767F45B2A88B1FC00873913 /* HistoryView.swift */; };
		4767F45E2A88B2E900873913 /* NetworkClient.swift in Sources */ = {isa = PBXBuildFile; fileRef = 4767F45D2A88B2E900873913 /* NetworkClient.swift */; };
		4767F4632A88B3C800873913 /* NetworkAdapter.swift in Sources */ = {isa = PBXBuildFile; fileRef = 4767F4622A88B3C800873913 /* NetworkAdapter.swift */; };
		4767F4662A88C47D00873913 /* ProtectedStorage.swift in Sources */ = {isa = PBXBuildFile; fileRef = 4767F4652A88C47D00873913 /* ProtectedStorage.swift */; };
		4767F4692A88C63200873913 /* Disk.swift in Sources */ = {isa = PBXBuildFile; fileRef = 4767F4682A88C63200873913 /* Disk.swift */; };
		4767F46B2A88C64100873913 /* DIskDirectory.swift in Sources */ = {isa = PBXBuildFile; fileRef = 4767F46A2A88C64100873913 /* DIskDirectory.swift */; };
		4767F46E2A88C68300873913 /* FileStorage.swift in Sources */ = {isa = PBXBuildFile; fileRef = 4767F46D2A88C68300873913 /* FileStorage.swift */; };
		4767F4712A88CBE600873913 /* AuthCredentialsProvider.swift in Sources */ = {isa = PBXBuildFile; fileRef = 4767F4702A88CBE600873913 /* AuthCredentialsProvider.swift */; };
		4767F4732A88CC7300873913 /* UserSessionManager.swift in Sources */ = {isa = PBXBuildFile; fileRef = 4767F4722A88CC7300873913 /* UserSessionManager.swift */; };
		4767F4752A88CD6100873913 /* UserSessionCreater.swift in Sources */ = {isa = PBXBuildFile; fileRef = 4767F4742A88CD6100873913 /* UserSessionCreater.swift */; };
		4767F4772A88CE7F00873913 /* UserSessionDestroyer.swift in Sources */ = {isa = PBXBuildFile; fileRef = 4767F4762A88CE7F00873913 /* UserSessionDestroyer.swift */; };
		4767F47A2A89138300873913 /* Swinject in Frameworks */ = {isa = PBXBuildFile; productRef = 4767F4792A89138300873913 /* Swinject */; };
		4767F47D2A89149B00873913 /* AssemblyFactory.swift in Sources */ = {isa = PBXBuildFile; fileRef = 4767F47C2A89149B00873913 /* AssemblyFactory.swift */; };
		4767F47F2A8914F100873913 /* NetworkAssembly.swift in Sources */ = {isa = PBXBuildFile; fileRef = 4767F47E2A8914F100873913 /* NetworkAssembly.swift */; };
		4767F4812A89156000873913 /* SessionAssembly.swift in Sources */ = {isa = PBXBuildFile; fileRef = 4767F4802A89156000873913 /* SessionAssembly.swift */; };
		4767F4872A8915A300873913 /* NetworkClientImpl.swift in Sources */ = {isa = PBXBuildFile; fileRef = 4767F4862A8915A300873913 /* NetworkClientImpl.swift */; };
		4767F4902A891C6B00873913 /* BaseURLProvider.swift in Sources */ = {isa = PBXBuildFile; fileRef = 4767F48F2A891C6B00873913 /* BaseURLProvider.swift */; };
		4767F4922A891C9B00873913 /* BaseURLProviderImpl.swift in Sources */ = {isa = PBXBuildFile; fileRef = 4767F4912A891C9B00873913 /* BaseURLProviderImpl.swift */; };
		4767F4942A891CCD00873913 /* BaseURLAssembly.swift in Sources */ = {isa = PBXBuildFile; fileRef = 4767F4932A891CCD00873913 /* BaseURLAssembly.swift */; };
		4767F4962A891DBF00873913 /* ParameterEncoderFactory.swift in Sources */ = {isa = PBXBuildFile; fileRef = 4767F4952A891DBF00873913 /* ParameterEncoderFactory.swift */; };
		4767F4982A891DE700873913 /* ErrorURLRequestValidator.swift in Sources */ = {isa = PBXBuildFile; fileRef = 4767F4972A891DE700873913 /* ErrorURLRequestValidator.swift */; };
		4767F49E2A891F5E00873913 /* NetworkError.swift in Sources */ = {isa = PBXBuildFile; fileRef = 4767F49D2A891F5E00873913 /* NetworkError.swift */; };
		4767F4A12A89210600873913 /* String + localized.swift in Sources */ = {isa = PBXBuildFile; fileRef = 4767F4A02A89210600873913 /* String + localized.swift */; };
		4767F4A32A8923D700873913 /* DataRequest + toFuture.swift in Sources */ = {isa = PBXBuildFile; fileRef = 4767F4A22A8923D700873913 /* DataRequest + toFuture.swift */; };
		4767F4A52A894FDB00873913 /* NetworkRetrier.swift in Sources */ = {isa = PBXBuildFile; fileRef = 4767F4A42A894FDB00873913 /* NetworkRetrier.swift */; };
		4767F4AF2A8A7C2100873913 /* RouterAssembly.swift in Sources */ = {isa = PBXBuildFile; fileRef = 4767F4AE2A8A7C2100873913 /* RouterAssembly.swift */; };
		4767F4B42A8A7D6C00873913 /* UserAssembly.swift in Sources */ = {isa = PBXBuildFile; fileRef = 4767F4B32A8A7D6C00873913 /* UserAssembly.swift */; };
		4767F4B82A8A7D7F00873913 /* UserProfileProvider.swift in Sources */ = {isa = PBXBuildFile; fileRef = 4767F4B72A8A7D7F00873913 /* UserProfileProvider.swift */; };
		4767F4BA2A8A88A400873913 /* UserProfileStorage.swift in Sources */ = {isa = PBXBuildFile; fileRef = 4767F4B92A8A88A400873913 /* UserProfileStorage.swift */; };
		4767F4BE2A8AABC100873913 /* LoginViewModel.swift in Sources */ = {isa = PBXBuildFile; fileRef = 4767F4BD2A8AABC100873913 /* LoginViewModel.swift */; };
		4767F4C02A8AADB000873913 /* LoadingButtonView.swift in Sources */ = {isa = PBXBuildFile; fileRef = 4767F4BF2A8AADB000873913 /* LoadingButtonView.swift */; };
		4767F4C52A8B500800873913 /* JSONDecoder + default.swift in Sources */ = {isa = PBXBuildFile; fileRef = 4767F4C42A8B500800873913 /* JSONDecoder + default.swift */; };
		4767F4CA2A8BDB4700873913 /* RepositoryView.swift in Sources */ = {isa = PBXBuildFile; fileRef = 4767F4C92A8BDB4700873913 /* RepositoryView.swift */; };
		4767F4CE2A8BE1E500873913 /* Kingfisher in Frameworks */ = {isa = PBXBuildFile; productRef = 4767F4CD2A8BE1E500873913 /* Kingfisher */; };
		4767F4D32A8BEAD900873913 /* RepositoriesViewModel.swift in Sources */ = {isa = PBXBuildFile; fileRef = 4767F4D22A8BEAD900873913 /* RepositoriesViewModel.swift */; };
		4767F4D82A8BEB3700873913 /* RepositoriesStorageProvider.swift in Sources */ = {isa = PBXBuildFile; fileRef = 4767F4D72A8BEB3700873913 /* RepositoriesStorageProvider.swift */; };
		4767F4DA2A8BEC3500873913 /* RepositoriesManager.swift in Sources */ = {isa = PBXBuildFile; fileRef = 4767F4D92A8BEC3500873913 /* RepositoriesManager.swift */; };
		4767F4DC2A8BEE4B00873913 /* RepositoriesAssembly.swift in Sources */ = {isa = PBXBuildFile; fileRef = 4767F4DB2A8BEE4B00873913 /* RepositoriesAssembly.swift */; };
		4767F4F92A8E91B000873913 /* ErrorAlertModifier.swift in Sources */ = {isa = PBXBuildFile; fileRef = 4767F4F82A8E91B000873913 /* ErrorAlertModifier.swift */; };
		4767F4FD2A8FC5A900873913 /* Debounce.swift in Sources */ = {isa = PBXBuildFile; fileRef = 4767F4FC2A8FC5A900873913 /* Debounce.swift */; };
		478E42022A8F40BF0004B7F4 /* DependencyContainer.swift in Sources */ = {isa = PBXBuildFile; fileRef = 478E42012A8F40BF0004B7F4 /* DependencyContainer.swift */; };
		478E420A2A8F46D40004B7F4 /* HistoryViewModel.swift in Sources */ = {isa = PBXBuildFile; fileRef = 478E42092A8F46D40004B7F4 /* HistoryViewModel.swift */; };
		478E420C2A8F76370004B7F4 /* RepositoriesProvider.swift in Sources */ = {isa = PBXBuildFile; fileRef = 478E420B2A8F76370004B7F4 /* RepositoriesProvider.swift */; };
		478E42112A8F768C0004B7F4 /* GetRepositoriesRequest.swift in Sources */ = {isa = PBXBuildFile; fileRef = 478E42102A8F768C0004B7F4 /* GetRepositoriesRequest.swift */; };
		478E42132A8F79BF0004B7F4 /* JSONEncoder + default.swift in Sources */ = {isa = PBXBuildFile; fileRef = 478E42122A8F79BF0004B7F4 /* JSONEncoder + default.swift */; };
		478E42162A8F81CE0004B7F4 /* GetRepositoriesResponse.swift in Sources */ = {isa = PBXBuildFile; fileRef = 478E42152A8F81CE0004B7F4 /* GetRepositoriesResponse.swift */; };
		47A9D91B2A8F910500378FE8 /* NavigationDestinationModifier.swift in Sources */ = {isa = PBXBuildFile; fileRef = 47A9D91A2A8F910500378FE8 /* NavigationDestinationModifier.swift */; };
/* End PBXBuildFile section */

/* Begin PBXFileReference section */
		4767F3F52A862BE300873913 /* RepositoriesApp.app */ = {isa = PBXFileReference; explicitFileType = wrapper.application; includeInIndex = 0; path = RepositoriesApp.app; sourceTree = BUILT_PRODUCTS_DIR; };
		4767F3F82A862BE300873913 /* RepositoriesApp.swift */ = {isa = PBXFileReference; lastKnownFileType = sourcecode.swift; path = RepositoriesApp.swift; sourceTree = "<group>"; };
		4767F3FA2A862BE300873913 /* LoginView.swift */ = {isa = PBXFileReference; lastKnownFileType = sourcecode.swift; path = LoginView.swift; sourceTree = "<group>"; };
		4767F3FC2A862BE400873913 /* Assets.xcassets */ = {isa = PBXFileReference; lastKnownFileType = folder.assetcatalog; path = Assets.xcassets; sourceTree = "<group>"; };
		4767F3FF2A862BE400873913 /* Preview Assets.xcassets */ = {isa = PBXFileReference; lastKnownFileType = folder.assetcatalog; path = "Preview Assets.xcassets"; sourceTree = "<group>"; };
		4767F42A2A8688C400873913 /* ru */ = {isa = PBXFileReference; lastKnownFileType = text.plist.strings; name = ru; path = ru.lproj/Localizable.strings; sourceTree = "<group>"; };
		4767F42C2A8688C700873913 /* en */ = {isa = PBXFileReference; lastKnownFileType = text.plist.strings; name = en; path = en.lproj/Localizable.strings; sourceTree = "<group>"; };
		4767F43B2A86919900873913 /* Route.swift */ = {isa = PBXFileReference; lastKnownFileType = sourcecode.swift; path = Route.swift; sourceTree = "<group>"; };
		4767F43D2A8691CB00873913 /* Router.swift */ = {isa = PBXFileReference; lastKnownFileType = sourcecode.swift; path = Router.swift; sourceTree = "<group>"; };
		4767F4412A8693D800873913 /* RepositoriesView.swift */ = {isa = PBXFileReference; lastKnownFileType = sourcecode.swift; path = RepositoriesView.swift; sourceTree = "<group>"; };
		4767F4442A8695CC00873913 /* LaunchScreen.swift */ = {isa = PBXFileReference; lastKnownFileType = sourcecode.swift; path = LaunchScreen.swift; sourceTree = "<group>"; };
		4767F4472A86967900873913 /* LaunchScreenViewModel.swift */ = {isa = PBXFileReference; lastKnownFileType = sourcecode.swift; path = LaunchScreenViewModel.swift; sourceTree = "<group>"; };
		4767F44F2A86A17E00873913 /* Repository.swift */ = {isa = PBXFileReference; lastKnownFileType = sourcecode.swift; path = Repository.swift; sourceTree = "<group>"; };
		4767F4592A878C3500873913 /* User.swift */ = {isa = PBXFileReference; lastKnownFileType = sourcecode.swift; path = User.swift; sourceTree = "<group>"; };
		4767F45B2A88B1FC00873913 /* HistoryView.swift */ = {isa = PBXFileReference; lastKnownFileType = sourcecode.swift; path = HistoryView.swift; sourceTree = "<group>"; };
		4767F45D2A88B2E900873913 /* NetworkClient.swift */ = {isa = PBXFileReference; lastKnownFileType = sourcecode.swift; path = NetworkClient.swift; sourceTree = "<group>"; };
		4767F4622A88B3C800873913 /* NetworkAdapter.swift */ = {isa = PBXFileReference; lastKnownFileType = sourcecode.swift; path = NetworkAdapter.swift; sourceTree = "<group>"; };
		4767F4652A88C47D00873913 /* ProtectedStorage.swift */ = {isa = PBXFileReference; lastKnownFileType = sourcecode.swift; path = ProtectedStorage.swift; sourceTree = "<group>"; };
		4767F4682A88C63200873913 /* Disk.swift */ = {isa = PBXFileReference; lastKnownFileType = sourcecode.swift; path = Disk.swift; sourceTree = "<group>"; };
		4767F46A2A88C64100873913 /* DIskDirectory.swift */ = {isa = PBXFileReference; lastKnownFileType = sourcecode.swift; path = DIskDirectory.swift; sourceTree = "<group>"; };
		4767F46D2A88C68300873913 /* FileStorage.swift */ = {isa = PBXFileReference; lastKnownFileType = sourcecode.swift; path = FileStorage.swift; sourceTree = "<group>"; };
		4767F4702A88CBE600873913 /* AuthCredentialsProvider.swift */ = {isa = PBXFileReference; lastKnownFileType = sourcecode.swift; path = AuthCredentialsProvider.swift; sourceTree = "<group>"; };
		4767F4722A88CC7300873913 /* UserSessionManager.swift */ = {isa = PBXFileReference; lastKnownFileType = sourcecode.swift; path = UserSessionManager.swift; sourceTree = "<group>"; };
		4767F4742A88CD6100873913 /* UserSessionCreater.swift */ = {isa = PBXFileReference; lastKnownFileType = sourcecode.swift; path = UserSessionCreater.swift; sourceTree = "<group>"; };
		4767F4762A88CE7F00873913 /* UserSessionDestroyer.swift */ = {isa = PBXFileReference; lastKnownFileType = sourcecode.swift; path = UserSessionDestroyer.swift; sourceTree = "<group>"; };
		4767F47C2A89149B00873913 /* AssemblyFactory.swift */ = {isa = PBXFileReference; lastKnownFileType = sourcecode.swift; path = AssemblyFactory.swift; sourceTree = "<group>"; };
		4767F47E2A8914F100873913 /* NetworkAssembly.swift */ = {isa = PBXFileReference; lastKnownFileType = sourcecode.swift; path = NetworkAssembly.swift; sourceTree = "<group>"; };
		4767F4802A89156000873913 /* SessionAssembly.swift */ = {isa = PBXFileReference; lastKnownFileType = sourcecode.swift; path = SessionAssembly.swift; sourceTree = "<group>"; };
		4767F4862A8915A300873913 /* NetworkClientImpl.swift */ = {isa = PBXFileReference; lastKnownFileType = sourcecode.swift; path = NetworkClientImpl.swift; sourceTree = "<group>"; };
		4767F48F2A891C6B00873913 /* BaseURLProvider.swift */ = {isa = PBXFileReference; lastKnownFileType = sourcecode.swift; path = BaseURLProvider.swift; sourceTree = "<group>"; };
		4767F4912A891C9B00873913 /* BaseURLProviderImpl.swift */ = {isa = PBXFileReference; lastKnownFileType = sourcecode.swift; path = BaseURLProviderImpl.swift; sourceTree = "<group>"; };
		4767F4932A891CCD00873913 /* BaseURLAssembly.swift */ = {isa = PBXFileReference; lastKnownFileType = sourcecode.swift; path = BaseURLAssembly.swift; sourceTree = "<group>"; };
		4767F4952A891DBF00873913 /* ParameterEncoderFactory.swift */ = {isa = PBXFileReference; lastKnownFileType = sourcecode.swift; path = ParameterEncoderFactory.swift; sourceTree = "<group>"; };
		4767F4972A891DE700873913 /* ErrorURLRequestValidator.swift */ = {isa = PBXFileReference; lastKnownFileType = sourcecode.swift; path = ErrorURLRequestValidator.swift; sourceTree = "<group>"; };
		4767F49D2A891F5E00873913 /* NetworkError.swift */ = {isa = PBXFileReference; lastKnownFileType = sourcecode.swift; path = NetworkError.swift; sourceTree = "<group>"; };
		4767F4A02A89210600873913 /* String + localized.swift */ = {isa = PBXFileReference; lastKnownFileType = sourcecode.swift; path = "String + localized.swift"; sourceTree = "<group>"; };
		4767F4A22A8923D700873913 /* DataRequest + toFuture.swift */ = {isa = PBXFileReference; lastKnownFileType = sourcecode.swift; path = "DataRequest + toFuture.swift"; sourceTree = "<group>"; };
		4767F4A42A894FDB00873913 /* NetworkRetrier.swift */ = {isa = PBXFileReference; lastKnownFileType = sourcecode.swift; path = NetworkRetrier.swift; sourceTree = "<group>"; };
		4767F4AE2A8A7C2100873913 /* RouterAssembly.swift */ = {isa = PBXFileReference; lastKnownFileType = sourcecode.swift; path = RouterAssembly.swift; sourceTree = "<group>"; };
		4767F4B32A8A7D6C00873913 /* UserAssembly.swift */ = {isa = PBXFileReference; lastKnownFileType = sourcecode.swift; path = UserAssembly.swift; sourceTree = "<group>"; };
		4767F4B72A8A7D7F00873913 /* UserProfileProvider.swift */ = {isa = PBXFileReference; lastKnownFileType = sourcecode.swift; path = UserProfileProvider.swift; sourceTree = "<group>"; };
		4767F4B92A8A88A400873913 /* UserProfileStorage.swift */ = {isa = PBXFileReference; lastKnownFileType = sourcecode.swift; path = UserProfileStorage.swift; sourceTree = "<group>"; };
		4767F4BD2A8AABC100873913 /* LoginViewModel.swift */ = {isa = PBXFileReference; lastKnownFileType = sourcecode.swift; path = LoginViewModel.swift; sourceTree = "<group>"; };
		4767F4BF2A8AADB000873913 /* LoadingButtonView.swift */ = {isa = PBXFileReference; lastKnownFileType = sourcecode.swift; path = LoadingButtonView.swift; sourceTree = "<group>"; };
		4767F4C42A8B500800873913 /* JSONDecoder + default.swift */ = {isa = PBXFileReference; lastKnownFileType = sourcecode.swift; path = "JSONDecoder + default.swift"; sourceTree = "<group>"; };
		4767F4C92A8BDB4700873913 /* RepositoryView.swift */ = {isa = PBXFileReference; lastKnownFileType = sourcecode.swift; path = RepositoryView.swift; sourceTree = "<group>"; };
		4767F4D22A8BEAD900873913 /* RepositoriesViewModel.swift */ = {isa = PBXFileReference; lastKnownFileType = sourcecode.swift; path = RepositoriesViewModel.swift; sourceTree = "<group>"; };
		4767F4D72A8BEB3700873913 /* RepositoriesStorageProvider.swift */ = {isa = PBXFileReference; lastKnownFileType = sourcecode.swift; path = RepositoriesStorageProvider.swift; sourceTree = "<group>"; };
		4767F4D92A8BEC3500873913 /* RepositoriesManager.swift */ = {isa = PBXFileReference; lastKnownFileType = sourcecode.swift; path = RepositoriesManager.swift; sourceTree = "<group>"; };
		4767F4DB2A8BEE4B00873913 /* RepositoriesAssembly.swift */ = {isa = PBXFileReference; lastKnownFileType = sourcecode.swift; path = RepositoriesAssembly.swift; sourceTree = "<group>"; };
		4767F4F82A8E91B000873913 /* ErrorAlertModifier.swift */ = {isa = PBXFileReference; lastKnownFileType = sourcecode.swift; path = ErrorAlertModifier.swift; sourceTree = "<group>"; };
		4767F4FC2A8FC5A900873913 /* Debounce.swift */ = {isa = PBXFileReference; lastKnownFileType = sourcecode.swift; path = Debounce.swift; sourceTree = "<group>"; };
		478E42012A8F40BF0004B7F4 /* DependencyContainer.swift */ = {isa = PBXFileReference; lastKnownFileType = sourcecode.swift; path = DependencyContainer.swift; sourceTree = "<group>"; };
		478E42092A8F46D40004B7F4 /* HistoryViewModel.swift */ = {isa = PBXFileReference; lastKnownFileType = sourcecode.swift; path = HistoryViewModel.swift; sourceTree = "<group>"; };
		478E420B2A8F76370004B7F4 /* RepositoriesProvider.swift */ = {isa = PBXFileReference; lastKnownFileType = sourcecode.swift; path = RepositoriesProvider.swift; sourceTree = "<group>"; };
		478E42102A8F768C0004B7F4 /* GetRepositoriesRequest.swift */ = {isa = PBXFileReference; lastKnownFileType = sourcecode.swift; path = GetRepositoriesRequest.swift; sourceTree = "<group>"; };
		478E42122A8F79BF0004B7F4 /* JSONEncoder + default.swift */ = {isa = PBXFileReference; lastKnownFileType = sourcecode.swift; path = "JSONEncoder + default.swift"; sourceTree = "<group>"; };
		478E42152A8F81CE0004B7F4 /* GetRepositoriesResponse.swift */ = {isa = PBXFileReference; lastKnownFileType = sourcecode.swift; path = GetRepositoriesResponse.swift; sourceTree = "<group>"; };
		47A9D91A2A8F910500378FE8 /* NavigationDestinationModifier.swift */ = {isa = PBXFileReference; lastKnownFileType = sourcecode.swift; path = NavigationDestinationModifier.swift; sourceTree = "<group>"; };
/* End PBXFileReference section */

/* Begin PBXFrameworksBuildPhase section */
		4767F3F22A862BE300873913 /* Frameworks */ = {
			isa = PBXFrameworksBuildPhase;
			buildActionMask = 2147483647;
			files = (
				4767F4332A868A6800873913 /* KeychainAccess in Frameworks */,
				4767F4382A868D0F00873913 /* Alamofire in Frameworks */,
				4767F47A2A89138300873913 /* Swinject in Frameworks */,
				4767F4CE2A8BE1E500873913 /* Kingfisher in Frameworks */,
			);
			runOnlyForDeploymentPostprocessing = 0;
		};
/* End PBXFrameworksBuildPhase section */

/* Begin PBXGroup section */
		4767F3EC2A862BE300873913 = {
			isa = PBXGroup;
			children = (
				4767F3F72A862BE300873913 /* RepositoriesApp */,
				4767F3F62A862BE300873913 /* Products */,
			);
			sourceTree = "<group>";
		};
		4767F3F62A862BE300873913 /* Products */ = {
			isa = PBXGroup;
			children = (
				4767F3F52A862BE300873913 /* RepositoriesApp.app */,
			);
			name = Products;
			sourceTree = "<group>";
		};
		4767F3F72A862BE300873913 /* RepositoriesApp */ = {
			isa = PBXGroup;
			children = (
				4767F3FC2A862BE400873913 /* Assets.xcassets */,
				4767F4A82A8952CD00873913 /* App */,
				4767F49F2A8920FB00873913 /* Extension */,
				4767F4AA2A89538200873913 /* Foundation */,
				4767F42B2A8688C400873913 /* Localizable.strings */,
				4767F4162A8681D300873913 /* Modules */,
				4767F3FE2A862BE400873913 /* Preview Content */,
				4767F4F62A8E919D00873913 /* Reusable */,
				4767F40F2A8680B400873913 /* Service */,
			);
			path = RepositoriesApp;
			sourceTree = "<group>";
		};
		4767F3FE2A862BE400873913 /* Preview Content */ = {
			isa = PBXGroup;
			children = (
				4767F3FF2A862BE400873913 /* Preview Assets.xcassets */,
			);
			path = "Preview Content";
			sourceTree = "<group>";
		};
		4767F40E2A8680AB00873913 /* Router */ = {
			isa = PBXGroup;
			children = (
				4767F43B2A86919900873913 /* Route.swift */,
				4767F43D2A8691CB00873913 /* Router.swift */,
				4767F4AE2A8A7C2100873913 /* RouterAssembly.swift */,
			);
			path = Router;
			sourceTree = "<group>";
		};
		4767F40F2A8680B400873913 /* Service */ = {
			isa = PBXGroup;
			children = (
				4767F48C2A891C5100873913 /* BaseURL */,
				4767F45F2A88B39800873913 /* Network */,
				4767F4D42A8BEB1C00873913 /* Repositories */,
				4767F46F2A88CBD600873913 /* Session */,
				4767F4B02A8A7D5500873913 /* User */,
			);
			path = Service;
			sourceTree = "<group>";
		};
		4767F4162A8681D300873913 /* Modules */ = {
			isa = PBXGroup;
			children = (
				4767F4432A8695BF00873913 /* LaunchScreen */,
				4767F43F2A86933E00873913 /* History */,
				4767F4172A8681E500873913 /* Login */,
				4767F4402A86934500873913 /* Repositories */,
			);
			path = Modules;
			sourceTree = "<group>";
		};
		4767F4172A8681E500873913 /* Login */ = {
			isa = PBXGroup;
			children = (
				4767F3FA2A862BE300873913 /* LoginView.swift */,
				4767F4182A8681EF00873913 /* View */,
				4767F4192A8681F300873913 /* ViewModel */,
			);
			path = Login;
			sourceTree = "<group>";
		};
		4767F4182A8681EF00873913 /* View */ = {
			isa = PBXGroup;
			children = (
				4767F4BF2A8AADB000873913 /* LoadingButtonView.swift */,
			);
			path = View;
			sourceTree = "<group>";
		};
		4767F4192A8681F300873913 /* ViewModel */ = {
			isa = PBXGroup;
			children = (
				4767F4BD2A8AABC100873913 /* LoginViewModel.swift */,
			);
			path = ViewModel;
			sourceTree = "<group>";
		};
		4767F43F2A86933E00873913 /* History */ = {
			isa = PBXGroup;
			children = (
				478E42082A8F46C10004B7F4 /* ViewModel */,
				4767F45B2A88B1FC00873913 /* HistoryView.swift */,
			);
			path = History;
			sourceTree = "<group>";
		};
		4767F4402A86934500873913 /* Repositories */ = {
			isa = PBXGroup;
			children = (
				4767F4412A8693D800873913 /* RepositoriesView.swift */,
				4767F4C62A8BDB2400873913 /* View */,
				4767F4D12A8BEAC700873913 /* ViewModel */,
			);
			path = Repositories;
			sourceTree = "<group>";
		};
		4767F4432A8695BF00873913 /* LaunchScreen */ = {
			isa = PBXGroup;
			children = (
				4767F4462A86966900873913 /* ViewModel */,
				4767F4442A8695CC00873913 /* LaunchScreen.swift */,
			);
			path = LaunchScreen;
			sourceTree = "<group>";
		};
		4767F4462A86966900873913 /* ViewModel */ = {
			isa = PBXGroup;
			children = (
				4767F4472A86967900873913 /* LaunchScreenViewModel.swift */,
			);
			path = ViewModel;
			sourceTree = "<group>";
		};
		4767F45F2A88B39800873913 /* Network */ = {
			isa = PBXGroup;
			children = (
				4767F47E2A8914F100873913 /* NetworkAssembly.swift */,
				4767F4852A89159600873913 /* Private */,
				4767F4842A89158400873913 /* Public */,
			);
			path = Network;
			sourceTree = "<group>";
		};
		4767F4672A88C62100873913 /* Storages */ = {
			isa = PBXGroup;
			children = (
				4767F46D2A88C68300873913 /* FileStorage.swift */,
				4767F4652A88C47D00873913 /* ProtectedStorage.swift */,
				4767F46C2A88C67500873913 /* Disk */,
			);
			path = Storages;
			sourceTree = "<group>";
		};
		4767F46C2A88C67500873913 /* Disk */ = {
			isa = PBXGroup;
			children = (
				4767F4682A88C63200873913 /* Disk.swift */,
				4767F46A2A88C64100873913 /* DIskDirectory.swift */,
			);
			path = Disk;
			sourceTree = "<group>";
		};
		4767F46F2A88CBD600873913 /* Session */ = {
			isa = PBXGroup;
			children = (
				4767F4802A89156000873913 /* SessionAssembly.swift */,
				4767F4832A89156A00873913 /* Private */,
				4767F4822A89156400873913 /* Public */,
			);
			path = Session;
			sourceTree = "<group>";
		};
		4767F4822A89156400873913 /* Public */ = {
			isa = PBXGroup;
			children = (
				4767F4702A88CBE600873913 /* AuthCredentialsProvider.swift */,
				4767F4742A88CD6100873913 /* UserSessionCreater.swift */,
				4767F4762A88CE7F00873913 /* UserSessionDestroyer.swift */,
			);
			path = Public;
			sourceTree = "<group>";
		};
		4767F4832A89156A00873913 /* Private */ = {
			isa = PBXGroup;
			children = (
				4767F4722A88CC7300873913 /* UserSessionManager.swift */,
			);
			path = Private;
			sourceTree = "<group>";
		};
		4767F4842A89158400873913 /* Public */ = {
			isa = PBXGroup;
			children = (
				4767F49C2A891F5500873913 /* Protocol */,
				4767F49B2A891F4D00873913 /* Model */,
			);
			path = Public;
			sourceTree = "<group>";
		};
		4767F4852A89159600873913 /* Private */ = {
			isa = PBXGroup;
			children = (
				478E42032A8F419B0004B7F4 /* Extension */,
				4767F4622A88B3C800873913 /* NetworkAdapter.swift */,
				4767F4862A8915A300873913 /* NetworkClientImpl.swift */,
				4767F4952A891DBF00873913 /* ParameterEncoderFactory.swift */,
				4767F4972A891DE700873913 /* ErrorURLRequestValidator.swift */,
				4767F4A42A894FDB00873913 /* NetworkRetrier.swift */,
			);
			path = Private;
			sourceTree = "<group>";
		};
		4767F48C2A891C5100873913 /* BaseURL */ = {
			isa = PBXGroup;
			children = (
				4767F4932A891CCD00873913 /* BaseURLAssembly.swift */,
				4767F48E2A891C6200873913 /* Private */,
				4767F48D2A891C5D00873913 /* Public */,
			);
			path = BaseURL;
			sourceTree = "<group>";
		};
		4767F48D2A891C5D00873913 /* Public */ = {
			isa = PBXGroup;
			children = (
				4767F48F2A891C6B00873913 /* BaseURLProvider.swift */,
			);
			path = Public;
			sourceTree = "<group>";
		};
		4767F48E2A891C6200873913 /* Private */ = {
			isa = PBXGroup;
			children = (
				4767F4912A891C9B00873913 /* BaseURLProviderImpl.swift */,
			);
			path = Private;
			sourceTree = "<group>";
		};
		4767F49B2A891F4D00873913 /* Model */ = {
			isa = PBXGroup;
			children = (
				4767F49D2A891F5E00873913 /* NetworkError.swift */,
			);
			path = Model;
			sourceTree = "<group>";
		};
		4767F49C2A891F5500873913 /* Protocol */ = {
			isa = PBXGroup;
			children = (
				4767F45D2A88B2E900873913 /* NetworkClient.swift */,
			);
			path = Protocol;
			sourceTree = "<group>";
		};
		4767F49F2A8920FB00873913 /* Extension */ = {
			isa = PBXGroup;
			children = (
				4767F4A02A89210600873913 /* String + localized.swift */,
			);
			path = Extension;
			sourceTree = "<group>";
		};
		4767F4A82A8952CD00873913 /* App */ = {
			isa = PBXGroup;
			children = (
				478E42012A8F40BF0004B7F4 /* DependencyContainer.swift */,
				4767F3F82A862BE300873913 /* RepositoriesApp.swift */,
				478E42002A8F40AB0004B7F4 /* Factory */,
				4767F40E2A8680AB00873913 /* Router */,
				47A9D9192A8F90EE00378FE8 /* ViewModifiers */,
			);
			path = App;
			sourceTree = "<group>";
		};
		4767F4AA2A89538200873913 /* Foundation */ = {
			isa = PBXGroup;
			children = (
				4767F4672A88C62100873913 /* Storages */,
				4767F4FC2A8FC5A900873913 /* Debounce.swift */,
			);
			path = Foundation;
			sourceTree = "<group>";
		};
		4767F4B02A8A7D5500873913 /* User */ = {
			isa = PBXGroup;
			children = (
				4767F4B32A8A7D6C00873913 /* UserAssembly.swift */,
				4767F4B22A8A7D6200873913 /* Private */,
				4767F4B12A8A7D5E00873913 /* Public */,
			);
			path = User;
			sourceTree = "<group>";
		};
		4767F4B12A8A7D5E00873913 /* Public */ = {
			isa = PBXGroup;
			children = (
				4767F4BC2A8AABAE00873913 /* Model */,
				4767F4BB2A8AABA800873913 /* Protocol */,
			);
			path = Public;
			sourceTree = "<group>";
		};
		4767F4B22A8A7D6200873913 /* Private */ = {
			isa = PBXGroup;
			children = (
				4767F4B92A8A88A400873913 /* UserProfileStorage.swift */,
			);
			path = Private;
			sourceTree = "<group>";
		};
		4767F4BB2A8AABA800873913 /* Protocol */ = {
			isa = PBXGroup;
			children = (
				4767F4B72A8A7D7F00873913 /* UserProfileProvider.swift */,
			);
			path = Protocol;
			sourceTree = "<group>";
		};
		4767F4BC2A8AABAE00873913 /* Model */ = {
			isa = PBXGroup;
			children = (
				4767F4592A878C3500873913 /* User.swift */,
			);
			path = Model;
			sourceTree = "<group>";
		};
		4767F4C62A8BDB2400873913 /* View */ = {
			isa = PBXGroup;
			children = (
				4767F4C92A8BDB4700873913 /* RepositoryView.swift */,
			);
			path = View;
			sourceTree = "<group>";
		};
		4767F4D12A8BEAC700873913 /* ViewModel */ = {
			isa = PBXGroup;
			children = (
				4767F4D22A8BEAD900873913 /* RepositoriesViewModel.swift */,
			);
			path = ViewModel;
			sourceTree = "<group>";
		};
		4767F4D42A8BEB1C00873913 /* Repositories */ = {
			isa = PBXGroup;
			children = (
				4767F4DB2A8BEE4B00873913 /* RepositoriesAssembly.swift */,
				4767F4D62A8BEB2E00873913 /* Private */,
				4767F4D52A8BEB2A00873913 /* Public */,
			);
			path = Repositories;
			sourceTree = "<group>";
		};
		4767F4D52A8BEB2A00873913 /* Public */ = {
			isa = PBXGroup;
			children = (
				478E420D2A8F765B0004B7F4 /* Model */,
				478E420E2A8F76620004B7F4 /* Protocols */,
			);
			path = Public;
			sourceTree = "<group>";
		};
		4767F4D62A8BEB2E00873913 /* Private */ = {
			isa = PBXGroup;
			children = (
				4767F4D92A8BEC3500873913 /* RepositoriesManager.swift */,
			);
			path = Private;
			sourceTree = "<group>";
		};
		4767F4F62A8E919D00873913 /* Reusable */ = {
			isa = PBXGroup;
			children = (
				4767F4F72A8E91A500873913 /* ViewModifiers */,
			);
			path = Reusable;
			sourceTree = "<group>";
		};
		4767F4F72A8E91A500873913 /* ViewModifiers */ = {
			isa = PBXGroup;
			children = (
				4767F4F82A8E91B000873913 /* ErrorAlertModifier.swift */,
			);
			path = ViewModifiers;
			sourceTree = "<group>";
		};
		478E42002A8F40AB0004B7F4 /* Factory */ = {
			isa = PBXGroup;
			children = (
				4767F47C2A89149B00873913 /* AssemblyFactory.swift */,
			);
			path = Factory;
			sourceTree = "<group>";
		};
		478E42032A8F419B0004B7F4 /* Extension */ = {
			isa = PBXGroup;
			children = (
				4767F4A22A8923D700873913 /* DataRequest + toFuture.swift */,
				4767F4C42A8B500800873913 /* JSONDecoder + default.swift */,
				478E42122A8F79BF0004B7F4 /* JSONEncoder + default.swift */,
			);
			path = Extension;
			sourceTree = "<group>";
		};
		478E42082A8F46C10004B7F4 /* ViewModel */ = {
			isa = PBXGroup;
			children = (
				478E42092A8F46D40004B7F4 /* HistoryViewModel.swift */,
			);
			path = ViewModel;
			sourceTree = "<group>";
		};
		478E420D2A8F765B0004B7F4 /* Model */ = {
			isa = PBXGroup;
			children = (
				4767F44F2A86A17E00873913 /* Repository.swift */,
				478E420F2A8F76770004B7F4 /* Requests */,
				478E42142A8F81C10004B7F4 /* Response */,
			);
			path = Model;
			sourceTree = "<group>";
		};
		478E420E2A8F76620004B7F4 /* Protocols */ = {
			isa = PBXGroup;
			children = (
				478E420B2A8F76370004B7F4 /* RepositoriesProvider.swift */,
				4767F4D72A8BEB3700873913 /* RepositoriesStorageProvider.swift */,
			);
			path = Protocols;
			sourceTree = "<group>";
		};
		478E420F2A8F76770004B7F4 /* Requests */ = {
			isa = PBXGroup;
			children = (
				478E42102A8F768C0004B7F4 /* GetRepositoriesRequest.swift */,
			);
			path = Requests;
			sourceTree = "<group>";
		};
		478E42142A8F81C10004B7F4 /* Response */ = {
			isa = PBXGroup;
			children = (
				478E42152A8F81CE0004B7F4 /* GetRepositoriesResponse.swift */,
			);
			path = Response;
			sourceTree = "<group>";
		};
		47A9D9192A8F90EE00378FE8 /* ViewModifiers */ = {
			isa = PBXGroup;
			children = (
				47A9D91A2A8F910500378FE8 /* NavigationDestinationModifier.swift */,
			);
			path = ViewModifiers;
			sourceTree = "<group>";
		};
/* End PBXGroup section */

/* Begin PBXNativeTarget section */
		4767F3F42A862BE300873913 /* RepositoriesApp */ = {
			isa = PBXNativeTarget;
			buildConfigurationList = 4767F4032A862BE400873913 /* Build configuration list for PBXNativeTarget "RepositoriesApp" */;
			buildPhases = (
				4767F3F12A862BE300873913 /* Sources */,
				4767F3F22A862BE300873913 /* Frameworks */,
				4767F3F32A862BE300873913 /* Resources */,
			);
			buildRules = (
			);
			dependencies = (
			);
			name = RepositoriesApp;
			packageProductDependencies = (
				4767F4322A868A6800873913 /* KeychainAccess */,
				4767F4372A868D0F00873913 /* Alamofire */,
				4767F4792A89138300873913 /* Swinject */,
				4767F4CD2A8BE1E500873913 /* Kingfisher */,
			);
			productName = RepositoriesApp;
			productReference = 4767F3F52A862BE300873913 /* RepositoriesApp.app */;
			productType = "com.apple.product-type.application";
		};
/* End PBXNativeTarget section */

/* Begin PBXProject section */
		4767F3ED2A862BE300873913 /* Project object */ = {
			isa = PBXProject;
			attributes = {
				BuildIndependentTargetsInParallel = 1;
				LastSwiftUpdateCheck = 1430;
				LastUpgradeCheck = 1430;
				TargetAttributes = {
					4767F3F42A862BE300873913 = {
						CreatedOnToolsVersion = 14.3.1;
					};
				};
			};
			buildConfigurationList = 4767F3F02A862BE300873913 /* Build configuration list for PBXProject "RepositoriesApp" */;
			compatibilityVersion = "Xcode 14.0";
			developmentRegion = en;
			hasScannedForEncodings = 0;
			knownRegions = (
				en,
				ru,
			);
			mainGroup = 4767F3EC2A862BE300873913;
			packageReferences = (
				4767F4312A868A6800873913 /* XCRemoteSwiftPackageReference "KeychainAccess" */,
				4767F4362A868D0F00873913 /* XCRemoteSwiftPackageReference "Alamofire" */,
				4767F4782A89138300873913 /* XCRemoteSwiftPackageReference "Swinject" */,
				4767F4CC2A8BE1E500873913 /* XCRemoteSwiftPackageReference "Kingfisher" */,
			);
			productRefGroup = 4767F3F62A862BE300873913 /* Products */;
			projectDirPath = "";
			projectRoot = "";
			targets = (
				4767F3F42A862BE300873913 /* RepositoriesApp */,
			);
		};
/* End PBXProject section */

/* Begin PBXResourcesBuildPhase section */
		4767F3F32A862BE300873913 /* Resources */ = {
			isa = PBXResourcesBuildPhase;
			buildActionMask = 2147483647;
			files = (
				4767F4002A862BE400873913 /* Preview Assets.xcassets in Resources */,
				4767F3FD2A862BE400873913 /* Assets.xcassets in Resources */,
				4767F4292A8688C400873913 /* Localizable.strings in Resources */,
			);
			runOnlyForDeploymentPostprocessing = 0;
		};
/* End PBXResourcesBuildPhase section */

/* Begin PBXSourcesBuildPhase section */
		4767F3F12A862BE300873913 /* Sources */ = {
			isa = PBXSourcesBuildPhase;
			buildActionMask = 2147483647;
			files = (
				4767F4C52A8B500800873913 /* JSONDecoder + default.swift in Sources */,
				4767F4692A88C63200873913 /* Disk.swift in Sources */,
				4767F43E2A8691CB00873913 /* Router.swift in Sources */,
				4767F47F2A8914F100873913 /* NetworkAssembly.swift in Sources */,
				4767F4922A891C9B00873913 /* BaseURLProviderImpl.swift in Sources */,
				478E420A2A8F46D40004B7F4 /* HistoryViewModel.swift in Sources */,
				4767F3FB2A862BE300873913 /* LoginView.swift in Sources */,
				4767F4BE2A8AABC100873913 /* LoginViewModel.swift in Sources */,
				4767F4982A891DE700873913 /* ErrorURLRequestValidator.swift in Sources */,
				4767F4812A89156000873913 /* SessionAssembly.swift in Sources */,
				4767F4FD2A8FC5A900873913 /* Debounce.swift in Sources */,
				4767F4452A8695CC00873913 /* LaunchScreen.swift in Sources */,
				4767F4A32A8923D700873913 /* DataRequest + toFuture.swift in Sources */,
				4767F4CA2A8BDB4700873913 /* RepositoryView.swift in Sources */,
				4767F4662A88C47D00873913 /* ProtectedStorage.swift in Sources */,
				4767F49E2A891F5E00873913 /* NetworkError.swift in Sources */,
				4767F4D32A8BEAD900873913 /* RepositoriesViewModel.swift in Sources */,
				4767F4502A86A17E00873913 /* Repository.swift in Sources */,
				4767F4962A891DBF00873913 /* ParameterEncoderFactory.swift in Sources */,
				4767F4482A86967900873913 /* LaunchScreenViewModel.swift in Sources */,
				4767F4B82A8A7D7F00873913 /* UserProfileProvider.swift in Sources */,
				4767F46B2A88C64100873913 /* DIskDirectory.swift in Sources */,
				478E420C2A8F76370004B7F4 /* RepositoriesProvider.swift in Sources */,
				4767F4DC2A8BEE4B00873913 /* RepositoriesAssembly.swift in Sources */,
				478E42022A8F40BF0004B7F4 /* DependencyContainer.swift in Sources */,
				4767F4B42A8A7D6C00873913 /* UserAssembly.swift in Sources */,
				4767F4AF2A8A7C2100873913 /* RouterAssembly.swift in Sources */,
				4767F45A2A878C3500873913 /* User.swift in Sources */,
				4767F45E2A88B2E900873913 /* NetworkClient.swift in Sources */,
				4767F4A52A894FDB00873913 /* NetworkRetrier.swift in Sources */,
				478E42112A8F768C0004B7F4 /* GetRepositoriesRequest.swift in Sources */,
				4767F4C02A8AADB000873913 /* LoadingButtonView.swift in Sources */,
				47A9D91B2A8F910500378FE8 /* NavigationDestinationModifier.swift in Sources */,
				4767F45C2A88B1FC00873913 /* HistoryView.swift in Sources */,
				4767F46E2A88C68300873913 /* FileStorage.swift in Sources */,
				4767F3F92A862BE300873913 /* RepositoriesApp.swift in Sources */,
				4767F4BA2A8A88A400873913 /* UserProfileStorage.swift in Sources */,
				478E42162A8F81CE0004B7F4 /* GetRepositoriesResponse.swift in Sources */,
				4767F4712A88CBE600873913 /* AuthCredentialsProvider.swift in Sources */,
				4767F4D82A8BEB3700873913 /* RepositoriesStorageProvider.swift in Sources */,
				4767F4902A891C6B00873913 /* BaseURLProvider.swift in Sources */,
				4767F4A12A89210600873913 /* String + localized.swift in Sources */,
				4767F4942A891CCD00873913 /* BaseURLAssembly.swift in Sources */,
				4767F4F92A8E91B000873913 /* ErrorAlertModifier.swift in Sources */,
				4767F4DA2A8BEC3500873913 /* RepositoriesManager.swift in Sources */,
				478E42132A8F79BF0004B7F4 /* JSONEncoder + default.swift in Sources */,
				4767F4632A88B3C800873913 /* NetworkAdapter.swift in Sources */,
				4767F4752A88CD6100873913 /* UserSessionCreater.swift in Sources */,
				4767F4422A8693D800873913 /* RepositoriesView.swift in Sources */,
				4767F43C2A86919900873913 /* Route.swift in Sources */,
				4767F47D2A89149B00873913 /* AssemblyFactory.swift in Sources */,
				4767F4732A88CC7300873913 /* UserSessionManager.swift in Sources */,
				4767F4772A88CE7F00873913 /* UserSessionDestroyer.swift in Sources */,
				4767F4872A8915A300873913 /* NetworkClientImpl.swift in Sources */,
			);
			runOnlyForDeploymentPostprocessing = 0;
		};
/* End PBXSourcesBuildPhase section */

/* Begin PBXVariantGroup section */
		4767F42B2A8688C400873913 /* Localizable.strings */ = {
			isa = PBXVariantGroup;
			children = (
				4767F42A2A8688C400873913 /* ru */,
				4767F42C2A8688C700873913 /* en */,
			);
			name = Localizable.strings;
			sourceTree = "<group>";
		};
/* End PBXVariantGroup section */

/* Begin XCBuildConfiguration section */
		4767F4012A862BE400873913 /* Debug */ = {
			isa = XCBuildConfiguration;
			buildSettings = {
				ALWAYS_SEARCH_USER_PATHS = NO;
				CLANG_ANALYZER_NONNULL = YES;
				CLANG_ANALYZER_NUMBER_OBJECT_CONVERSION = YES_AGGRESSIVE;
				CLANG_CXX_LANGUAGE_STANDARD = "gnu++20";
				CLANG_ENABLE_MODULES = YES;
				CLANG_ENABLE_OBJC_ARC = YES;
				CLANG_ENABLE_OBJC_WEAK = YES;
				CLANG_WARN_BLOCK_CAPTURE_AUTORELEASING = YES;
				CLANG_WARN_BOOL_CONVERSION = YES;
				CLANG_WARN_COMMA = YES;
				CLANG_WARN_CONSTANT_CONVERSION = YES;
				CLANG_WARN_DEPRECATED_OBJC_IMPLEMENTATIONS = YES;
				CLANG_WARN_DIRECT_OBJC_ISA_USAGE = YES_ERROR;
				CLANG_WARN_DOCUMENTATION_COMMENTS = YES;
				CLANG_WARN_EMPTY_BODY = YES;
				CLANG_WARN_ENUM_CONVERSION = YES;
				CLANG_WARN_INFINITE_RECURSION = YES;
				CLANG_WARN_INT_CONVERSION = YES;
				CLANG_WARN_NON_LITERAL_NULL_CONVERSION = YES;
				CLANG_WARN_OBJC_IMPLICIT_RETAIN_SELF = YES;
				CLANG_WARN_OBJC_LITERAL_CONVERSION = YES;
				CLANG_WARN_OBJC_ROOT_CLASS = YES_ERROR;
				CLANG_WARN_QUOTED_INCLUDE_IN_FRAMEWORK_HEADER = YES;
				CLANG_WARN_RANGE_LOOP_ANALYSIS = YES;
				CLANG_WARN_STRICT_PROTOTYPES = YES;
				CLANG_WARN_SUSPICIOUS_MOVE = YES;
				CLANG_WARN_UNGUARDED_AVAILABILITY = YES_AGGRESSIVE;
				CLANG_WARN_UNREACHABLE_CODE = YES;
				CLANG_WARN__DUPLICATE_METHOD_MATCH = YES;
				COPY_PHASE_STRIP = NO;
				DEBUG_INFORMATION_FORMAT = dwarf;
				ENABLE_STRICT_OBJC_MSGSEND = YES;
				ENABLE_TESTABILITY = YES;
				GCC_C_LANGUAGE_STANDARD = gnu11;
				GCC_DYNAMIC_NO_PIC = NO;
				GCC_NO_COMMON_BLOCKS = YES;
				GCC_OPTIMIZATION_LEVEL = 0;
				GCC_PREPROCESSOR_DEFINITIONS = (
					"DEBUG=1",
					"$(inherited)",
				);
				GCC_WARN_64_TO_32_BIT_CONVERSION = YES;
				GCC_WARN_ABOUT_RETURN_TYPE = YES_ERROR;
				GCC_WARN_UNDECLARED_SELECTOR = YES;
				GCC_WARN_UNINITIALIZED_AUTOS = YES_AGGRESSIVE;
				GCC_WARN_UNUSED_FUNCTION = YES;
				GCC_WARN_UNUSED_VARIABLE = YES;
				IPHONEOS_DEPLOYMENT_TARGET = 16.4;
				MTL_ENABLE_DEBUG_INFO = INCLUDE_SOURCE;
				MTL_FAST_MATH = YES;
				ONLY_ACTIVE_ARCH = YES;
				SDKROOT = iphoneos;
				SWIFT_ACTIVE_COMPILATION_CONDITIONS = DEBUG;
				SWIFT_OPTIMIZATION_LEVEL = "-Onone";
			};
			name = Debug;
		};
		4767F4022A862BE400873913 /* Release */ = {
			isa = XCBuildConfiguration;
			buildSettings = {
				ALWAYS_SEARCH_USER_PATHS = NO;
				CLANG_ANALYZER_NONNULL = YES;
				CLANG_ANALYZER_NUMBER_OBJECT_CONVERSION = YES_AGGRESSIVE;
				CLANG_CXX_LANGUAGE_STANDARD = "gnu++20";
				CLANG_ENABLE_MODULES = YES;
				CLANG_ENABLE_OBJC_ARC = YES;
				CLANG_ENABLE_OBJC_WEAK = YES;
				CLANG_WARN_BLOCK_CAPTURE_AUTORELEASING = YES;
				CLANG_WARN_BOOL_CONVERSION = YES;
				CLANG_WARN_COMMA = YES;
				CLANG_WARN_CONSTANT_CONVERSION = YES;
				CLANG_WARN_DEPRECATED_OBJC_IMPLEMENTATIONS = YES;
				CLANG_WARN_DIRECT_OBJC_ISA_USAGE = YES_ERROR;
				CLANG_WARN_DOCUMENTATION_COMMENTS = YES;
				CLANG_WARN_EMPTY_BODY = YES;
				CLANG_WARN_ENUM_CONVERSION = YES;
				CLANG_WARN_INFINITE_RECURSION = YES;
				CLANG_WARN_INT_CONVERSION = YES;
				CLANG_WARN_NON_LITERAL_NULL_CONVERSION = YES;
				CLANG_WARN_OBJC_IMPLICIT_RETAIN_SELF = YES;
				CLANG_WARN_OBJC_LITERAL_CONVERSION = YES;
				CLANG_WARN_OBJC_ROOT_CLASS = YES_ERROR;
				CLANG_WARN_QUOTED_INCLUDE_IN_FRAMEWORK_HEADER = YES;
				CLANG_WARN_RANGE_LOOP_ANALYSIS = YES;
				CLANG_WARN_STRICT_PROTOTYPES = YES;
				CLANG_WARN_SUSPICIOUS_MOVE = YES;
				CLANG_WARN_UNGUARDED_AVAILABILITY = YES_AGGRESSIVE;
				CLANG_WARN_UNREACHABLE_CODE = YES;
				CLANG_WARN__DUPLICATE_METHOD_MATCH = YES;
				COPY_PHASE_STRIP = NO;
				DEBUG_INFORMATION_FORMAT = "dwarf-with-dsym";
				ENABLE_NS_ASSERTIONS = NO;
				ENABLE_STRICT_OBJC_MSGSEND = YES;
				GCC_C_LANGUAGE_STANDARD = gnu11;
				GCC_NO_COMMON_BLOCKS = YES;
				GCC_WARN_64_TO_32_BIT_CONVERSION = YES;
				GCC_WARN_ABOUT_RETURN_TYPE = YES_ERROR;
				GCC_WARN_UNDECLARED_SELECTOR = YES;
				GCC_WARN_UNINITIALIZED_AUTOS = YES_AGGRESSIVE;
				GCC_WARN_UNUSED_FUNCTION = YES;
				GCC_WARN_UNUSED_VARIABLE = YES;
				IPHONEOS_DEPLOYMENT_TARGET = 16.4;
				MTL_ENABLE_DEBUG_INFO = NO;
				MTL_FAST_MATH = YES;
				SDKROOT = iphoneos;
				SWIFT_COMPILATION_MODE = wholemodule;
				SWIFT_OPTIMIZATION_LEVEL = "-O";
				VALIDATE_PRODUCT = YES;
			};
			name = Release;
		};
		4767F4042A862BE400873913 /* Debug */ = {
			isa = XCBuildConfiguration;
			buildSettings = {
				ASSETCATALOG_COMPILER_APPICON_NAME = AppIcon;
				ASSETCATALOG_COMPILER_GLOBAL_ACCENT_COLOR_NAME = AccentColor;
				CODE_SIGN_STYLE = Automatic;
				CURRENT_PROJECT_VERSION = 1;
				DEVELOPMENT_ASSET_PATHS = "\"RepositoriesApp/Preview Content\"";
				DEVELOPMENT_TEAM = 349CP2QXD4;
				ENABLE_PREVIEWS = YES;
				GENERATE_INFOPLIST_FILE = YES;
				INFOPLIST_KEY_UIApplicationSceneManifest_Generation = YES;
				INFOPLIST_KEY_UIApplicationSupportsIndirectInputEvents = YES;
				INFOPLIST_KEY_UILaunchScreen_Generation = YES;
				INFOPLIST_KEY_UISupportedInterfaceOrientations_iPad = "UIInterfaceOrientationPortrait UIInterfaceOrientationPortraitUpsideDown UIInterfaceOrientationLandscapeLeft UIInterfaceOrientationLandscapeRight";
				INFOPLIST_KEY_UISupportedInterfaceOrientations_iPhone = "UIInterfaceOrientationPortrait UIInterfaceOrientationLandscapeLeft UIInterfaceOrientationLandscapeRight";
				LD_RUNPATH_SEARCH_PATHS = (
					"$(inherited)",
					"@executable_path/Frameworks",
				);
				MARKETING_VERSION = 1.0;
				PRODUCT_BUNDLE_IDENTIFIER = tima.orazkulov.com.RepositoriesApp;
				PRODUCT_NAME = "$(TARGET_NAME)";
				SWIFT_EMIT_LOC_STRINGS = YES;
				SWIFT_VERSION = 5.0;
				TARGETED_DEVICE_FAMILY = "1,2";
			};
			name = Debug;
		};
		4767F4052A862BE400873913 /* Release */ = {
			isa = XCBuildConfiguration;
			buildSettings = {
				ASSETCATALOG_COMPILER_APPICON_NAME = AppIcon;
				ASSETCATALOG_COMPILER_GLOBAL_ACCENT_COLOR_NAME = AccentColor;
				CODE_SIGN_STYLE = Automatic;
				CURRENT_PROJECT_VERSION = 1;
				DEVELOPMENT_ASSET_PATHS = "\"RepositoriesApp/Preview Content\"";
				DEVELOPMENT_TEAM = 349CP2QXD4;
				ENABLE_PREVIEWS = YES;
				GENERATE_INFOPLIST_FILE = YES;
				INFOPLIST_KEY_UIApplicationSceneManifest_Generation = YES;
				INFOPLIST_KEY_UIApplicationSupportsIndirectInputEvents = YES;
				INFOPLIST_KEY_UILaunchScreen_Generation = YES;
				INFOPLIST_KEY_UISupportedInterfaceOrientations_iPad = "UIInterfaceOrientationPortrait UIInterfaceOrientationPortraitUpsideDown UIInterfaceOrientationLandscapeLeft UIInterfaceOrientationLandscapeRight";
				INFOPLIST_KEY_UISupportedInterfaceOrientations_iPhone = "UIInterfaceOrientationPortrait UIInterfaceOrientationLandscapeLeft UIInterfaceOrientationLandscapeRight";
				LD_RUNPATH_SEARCH_PATHS = (
					"$(inherited)",
					"@executable_path/Frameworks",
				);
				MARKETING_VERSION = 1.0;
				PRODUCT_BUNDLE_IDENTIFIER = tima.orazkulov.com.RepositoriesApp;
				PRODUCT_NAME = "$(TARGET_NAME)";
				SWIFT_EMIT_LOC_STRINGS = YES;
				SWIFT_VERSION = 5.0;
				TARGETED_DEVICE_FAMILY = "1,2";
			};
			name = Release;
		};
/* End XCBuildConfiguration section */

/* Begin XCConfigurationList section */
		4767F3F02A862BE300873913 /* Build configuration list for PBXProject "RepositoriesApp" */ = {
			isa = XCConfigurationList;
			buildConfigurations = (
				4767F4012A862BE400873913 /* Debug */,
				4767F4022A862BE400873913 /* Release */,
			);
			defaultConfigurationIsVisible = 0;
			defaultConfigurationName = Release;
		};
		4767F4032A862BE400873913 /* Build configuration list for PBXNativeTarget "RepositoriesApp" */ = {
			isa = XCConfigurationList;
			buildConfigurations = (
				4767F4042A862BE400873913 /* Debug */,
				4767F4052A862BE400873913 /* Release */,
			);
			defaultConfigurationIsVisible = 0;
			defaultConfigurationName = Release;
		};
/* End XCConfigurationList section */

/* Begin XCRemoteSwiftPackageReference section */
		4767F4312A868A6800873913 /* XCRemoteSwiftPackageReference "KeychainAccess" */ = {
			isa = XCRemoteSwiftPackageReference;
			repositoryURL = "https://github.com/kishikawakatsumi/KeychainAccess";
			requirement = {
				kind = exactVersion;
				version = 4.2.2;
			};
		};
		4767F4362A868D0F00873913 /* XCRemoteSwiftPackageReference "Alamofire" */ = {
			isa = XCRemoteSwiftPackageReference;
			repositoryURL = "https://github.com/Alamofire/Alamofire";
			requirement = {
				kind = exactVersion;
				version = 5.7.1;
			};
		};
		4767F4782A89138300873913 /* XCRemoteSwiftPackageReference "Swinject" */ = {
			isa = XCRemoteSwiftPackageReference;
			repositoryURL = "https://github.com/Swinject/Swinject";
			requirement = {
				kind = exactVersion;
				version = 2.8.3;
			};
		};
		4767F4CC2A8BE1E500873913 /* XCRemoteSwiftPackageReference "Kingfisher" */ = {
			isa = XCRemoteSwiftPackageReference;
			repositoryURL = "https://github.com/onevcat/Kingfisher";
			requirement = {
				kind = exactVersion;
				version = 7.9.0;
			};
		};
/* End XCRemoteSwiftPackageReference section */

/* Begin XCSwiftPackageProductDependency section */
		4767F4322A868A6800873913 /* KeychainAccess */ = {
			isa = XCSwiftPackageProductDependency;
			package = 4767F4312A868A6800873913 /* XCRemoteSwiftPackageReference "KeychainAccess" */;
			productName = KeychainAccess;
		};
		4767F4372A868D0F00873913 /* Alamofire */ = {
			isa = XCSwiftPackageProductDependency;
			package = 4767F4362A868D0F00873913 /* XCRemoteSwiftPackageReference "Alamofire" */;
			productName = Alamofire;
		};
		4767F4792A89138300873913 /* Swinject */ = {
			isa = XCSwiftPackageProductDependency;
			package = 4767F4782A89138300873913 /* XCRemoteSwiftPackageReference "Swinject" */;
			productName = Swinject;
		};
		4767F4CD2A8BE1E500873913 /* Kingfisher */ = {
			isa = XCSwiftPackageProductDependency;
			package = 4767F4CC2A8BE1E500873913 /* XCRemoteSwiftPackageReference "Kingfisher" */;
			productName = Kingfisher;
		};
/* End XCSwiftPackageProductDependency section */
	};
	rootObject = 4767F3ED2A862BE300873913 /* Project object */;
}
